<Solution>
  <Folder Name="/Solution Items/">
    <File Path=".editorconfig" />
    <File Path=".gitignore" />
    <File Path="Directory.Build.props" />
    <File Path="Directory.Packages.props" />
    <File Path="global.json" />
    <File Path="README.md" />
  </Folder>
  <Folder Name="/src/">
    <Project Path="src/MPath/MPath.csproj" />
  </Folder>
  <Folder Name="/tests/">
    <Project Path="tests/MPath.Tests/MPath.Tests.csproj" />
  </Folder>
</Solution>
